
Microsoft Visual Studio Solution File, Format Version 12.00
# Visual Studio Version 17
VisualStudioVersion = 17.5.33530.505
MinimumVisualStudioVersion = 10.0.40219.1
Project("{9A19103F-16F7-4668-BE54-9A1E7A4F7556}") = "cg-singlefile-for-cpp", "cg-singlefile-for-cpp\cg-singlefile-for-cpp.csproj", "{D03EE1FD-FFCF-4914-97A2-A3095D325764}"
EndProject
Project("{2150E333-8FDC-42A3-9474-1A3956D46DE8}") = "Solution Items", "Solution Items", "{F2351BEA-5B3F-4C7F-AA3D-AAA35EAE92E9}"
	ProjectSection(SolutionItems) = preProject
		.github\workflows\build.yml = .github\workflows\build.yml
		README.md = README.md
		.github\workflows\release.yml = .github\workflows\release.yml
	EndProjectSection
EndProject
Project("{FAE04EC0-301F-11D3-BF4B-00C04F79EFBC}") = "cg-singlefile-for-cpp-tests", "cg-singlefile-for-cpp-tests\cg-singlefile-for-cpp-tests.csproj", "{3D8584C5-95A1-46C0-AB5C-25ED2B494324}"
EndProject
Global
	GlobalSection(SolutionConfigurationPlatforms) = preSolution
		Debug|Any CPU = Debug|Any CPU
		Release|Any CPU = Release|Any CPU
	EndGlobalSection
	GlobalSection(ProjectConfigurationPlatforms) = postSolution
		{D03EE1FD-FFCF-4914-97A2-A3095D325764}.Debug|Any CPU.ActiveCfg = Debug|Any CPU
		{D03EE1FD-FFCF-4914-97A2-A3095D325764}.Debug|Any CPU.Build.0 = Debug|Any CPU
		{D03EE1FD-FFCF-4914-97A2-A3095D325764}.Release|Any CPU.ActiveCfg = Release|Any CPU
		{D03EE1FD-FFCF-4914-97A2-A3095D325764}.Release|Any CPU.Build.0 = Release|Any CPU
		{3D8584C5-95A1-46C0-AB5C-25ED2B494324}.Debug|Any CPU.ActiveCfg = Debug|Any CPU
		{3D8584C5-95A1-46C0-AB5C-25ED2B494324}.Debug|Any CPU.Build.0 = Debug|Any CPU
		{3D8584C5-95A1-46C0-AB5C-25ED2B494324}.Release|Any CPU.ActiveCfg = Release|Any CPU
		{3D8584C5-95A1-46C0-AB5C-25ED2B494324}.Release|Any CPU.Build.0 = Release|Any CPU
	EndGlobalSection
	GlobalSection(SolutionProperties) = preSolution
		HideSolutionNode = FALSE
	EndGlobalSection
	GlobalSection(ExtensibilityGlobals) = postSolution
		SolutionGuid = {26EDC7AF-083D-4718-BC51-B3B365C6367D}
	EndGlobalSection
EndGlobal
