
Microsoft Visual Studio Solution File, Format Version 12.00
# Visual Studio Version 16
VisualStudioVersion = 16.0.31702.278
MinimumVisualStudioVersion = 10.0.40219.1
Project("{FAE04EC0-301F-11D3-BF4B-00C04F79EFBC}") = "cg-singlefile-for-cpp", "cg-singlefile-for-cpp\cg-singlefile-for-cpp.csproj", "{D03EE1FD-FFCF-4914-97A2-A3095D325764}"
EndProject
Global
	GlobalSection(SolutionConfigurationPlatforms) = preSolution
		Debug|Any CPU = Debug|Any CPU
		Release|Any CPU = Release|Any CPU
	EndGlobalSection
	GlobalSection(ProjectConfigurationPlatforms) = postSolution
		{D03EE1FD-FFCF-4914-97A2-A3095D325764}.Debug|Any CPU.ActiveCfg = Debug|Any CPU
		{D03EE1FD-FFCF-4914-97A2-A3095D325764}.Debug|Any CPU.Build.0 = Debug|Any CPU
		{D03EE1FD-FFCF-4914-97A2-A3095D325764}.Release|Any CPU.ActiveCfg = Release|Any CPU
		{D03EE1FD-FFCF-4914-97A2-A3095D325764}.Release|Any CPU.Build.0 = Release|Any CPU
	EndGlobalSection
	GlobalSection(SolutionProperties) = preSolution
		HideSolutionNode = FALSE
	EndGlobalSection
	GlobalSection(ExtensibilityGlobals) = postSolution
		SolutionGuid = {26EDC7AF-083D-4718-BC51-B3B365C6367D}
	EndGlobalSection
EndGlobal
